
Microsoft Visual Studio Solution File, Format Version 12.00
# Visual Studio Version 17
VisualStudioVersion = 17.9.34902.65
MinimumVisualStudioVersion = 10.0.40219.1
Project("{9A19103F-16F7-4668-BE54-9A1E7A4F7556}") = "MocaloidApi", "MocaloidApi\MocaloidApi.csproj", "{6B6C7321-562E-45D2-BA5A-577622CBB324}"
EndProject
Project("{8BC9CEB8-8B4A-11D0-8D11-00A0C91BC942}") = "libddi", "libddi\vcmake_builder\libddi.vcxproj", "{CA30FB70-5C94-43A1-B6FB-8D6EBECD6A50}"
EndProject
Project("{9A19103F-16F7-4668-BE54-9A1E7A4F7556}") = "MocaloidGui", "MocaloidGui\MocaloidGui.csproj", "{3D696617-1A43-4EB7-8EC0-8067A000607B}"
EndProject
Project("{2150E333-8FDC-42A3-9474-1A3956D46DE8}") = "Extensions", "Extensions", "{1EED15FD-9252-4C94-AD6B-BFBA02F80AA2}"
EndProject
Project("{9A19103F-16F7-4668-BE54-9A1E7A4F7556}") = "UtauPlugin", "Extensions\UtauPlugin\UtauPlugin.csproj", "{709F6710-B0EF-4B87-BCD4-F53F3881FC9D}"
EndProject
Global
	GlobalSection(SolutionConfigurationPlatforms) = preSolution
		Debug|Any CPU = Debug|Any CPU
		Debug|x64 = Debug|x64
		Debug|x86 = Debug|x86
		Release|Any CPU = Release|Any CPU
		Release|x64 = Release|x64
		Release|x86 = Release|x86
	EndGlobalSection
	GlobalSection(ProjectConfigurationPlatforms) = postSolution
		{6B6C7321-562E-45D2-BA5A-577622CBB324}.Debug|Any CPU.ActiveCfg = Debug|Any CPU
		{6B6C7321-562E-45D2-BA5A-577622CBB324}.Debug|Any CPU.Build.0 = Debug|Any CPU
		{6B6C7321-562E-45D2-BA5A-577622CBB324}.Debug|x64.ActiveCfg = Debug|x64
		{6B6C7321-562E-45D2-BA5A-577622CBB324}.Debug|x64.Build.0 = Debug|x64
		{6B6C7321-562E-45D2-BA5A-577622CBB324}.Debug|x86.ActiveCfg = Debug|Any CPU
		{6B6C7321-562E-45D2-BA5A-577622CBB324}.Debug|x86.Build.0 = Debug|Any CPU
		{6B6C7321-562E-45D2-BA5A-577622CBB324}.Release|Any CPU.ActiveCfg = Release|Any CPU
		{6B6C7321-562E-45D2-BA5A-577622CBB324}.Release|Any CPU.Build.0 = Release|Any CPU
		{6B6C7321-562E-45D2-BA5A-577622CBB324}.Release|x64.ActiveCfg = Release|x64
		{6B6C7321-562E-45D2-BA5A-577622CBB324}.Release|x64.Build.0 = Release|x64
		{6B6C7321-562E-45D2-BA5A-577622CBB324}.Release|x86.ActiveCfg = Release|Any CPU
		{6B6C7321-562E-45D2-BA5A-577622CBB324}.Release|x86.Build.0 = Release|Any CPU
		{CA30FB70-5C94-43A1-B6FB-8D6EBECD6A50}.Debug|Any CPU.ActiveCfg = Debug|Win32
		{CA30FB70-5C94-43A1-B6FB-8D6EBECD6A50}.Debug|Any CPU.Build.0 = Debug|Win32
		{CA30FB70-5C94-43A1-B6FB-8D6EBECD6A50}.Debug|x64.ActiveCfg = Debug|Win32
		{CA30FB70-5C94-43A1-B6FB-8D6EBECD6A50}.Debug|x64.Build.0 = Debug|Win32
		{CA30FB70-5C94-43A1-B6FB-8D6EBECD6A50}.Debug|x86.ActiveCfg = Debug|Win32
		{CA30FB70-5C94-43A1-B6FB-8D6EBECD6A50}.Debug|x86.Build.0 = Debug|Win32
		{CA30FB70-5C94-43A1-B6FB-8D6EBECD6A50}.Release|Any CPU.ActiveCfg = Release|Win32
		{CA30FB70-5C94-43A1-B6FB-8D6EBECD6A50}.Release|Any CPU.Build.0 = Release|Win32
		{CA30FB70-5C94-43A1-B6FB-8D6EBECD6A50}.Release|x64.ActiveCfg = Release|Win32
		{CA30FB70-5C94-43A1-B6FB-8D6EBECD6A50}.Release|x64.Build.0 = Release|Win32
		{CA30FB70-5C94-43A1-B6FB-8D6EBECD6A50}.Release|x86.ActiveCfg = Release|Win32
		{CA30FB70-5C94-43A1-B6FB-8D6EBECD6A50}.Release|x86.Build.0 = Release|Win32
		{3D696617-1A43-4EB7-8EC0-8067A000607B}.Debug|Any CPU.ActiveCfg = Debug|Any CPU
		{3D696617-1A43-4EB7-8EC0-8067A000607B}.Debug|Any CPU.Build.0 = Debug|Any CPU
		{3D696617-1A43-4EB7-8EC0-8067A000607B}.Debug|x64.ActiveCfg = Debug|x64
		{3D696617-1A43-4EB7-8EC0-8067A000607B}.Debug|x64.Build.0 = Debug|x64
		{3D696617-1A43-4EB7-8EC0-8067A000607B}.Debug|x86.ActiveCfg = Debug|Any CPU
		{3D696617-1A43-4EB7-8EC0-8067A000607B}.Debug|x86.Build.0 = Debug|Any CPU
		{3D696617-1A43-4EB7-8EC0-8067A000607B}.Release|Any CPU.ActiveCfg = Release|Any CPU
		{3D696617-1A43-4EB7-8EC0-8067A000607B}.Release|Any CPU.Build.0 = Release|Any CPU
		{3D696617-1A43-4EB7-8EC0-8067A000607B}.Release|x64.ActiveCfg = Release|x64
		{3D696617-1A43-4EB7-8EC0-8067A000607B}.Release|x64.Build.0 = Release|x64
		{3D696617-1A43-4EB7-8EC0-8067A000607B}.Release|x86.ActiveCfg = Release|Any CPU
		{3D696617-1A43-4EB7-8EC0-8067A000607B}.Release|x86.Build.0 = Release|Any CPU
		{709F6710-B0EF-4B87-BCD4-F53F3881FC9D}.Debug|Any CPU.ActiveCfg = Debug|Any CPU
		{709F6710-B0EF-4B87-BCD4-F53F3881FC9D}.Debug|Any CPU.Build.0 = Debug|Any CPU
		{709F6710-B0EF-4B87-BCD4-F53F3881FC9D}.Debug|x64.ActiveCfg = Debug|Any CPU
		{709F6710-B0EF-4B87-BCD4-F53F3881FC9D}.Debug|x64.Build.0 = Debug|Any CPU
		{709F6710-B0EF-4B87-BCD4-F53F3881FC9D}.Debug|x86.ActiveCfg = Debug|Any CPU
		{709F6710-B0EF-4B87-BCD4-F53F3881FC9D}.Debug|x86.Build.0 = Debug|Any CPU
		{709F6710-B0EF-4B87-BCD4-F53F3881FC9D}.Release|Any CPU.ActiveCfg = Release|Any CPU
		{709F6710-B0EF-4B87-BCD4-F53F3881FC9D}.Release|Any CPU.Build.0 = Release|Any CPU
		{709F6710-B0EF-4B87-BCD4-F53F3881FC9D}.Release|x64.ActiveCfg = Release|Any CPU
		{709F6710-B0EF-4B87-BCD4-F53F3881FC9D}.Release|x64.Build.0 = Release|Any CPU
		{709F6710-B0EF-4B87-BCD4-F53F3881FC9D}.Release|x86.ActiveCfg = Release|Any CPU
		{709F6710-B0EF-4B87-BCD4-F53F3881FC9D}.Release|x86.Build.0 = Release|Any CPU
	EndGlobalSection
	GlobalSection(SolutionProperties) = preSolution
		HideSolutionNode = FALSE
	EndGlobalSection
	GlobalSection(NestedProjects) = preSolution
		{709F6710-B0EF-4B87-BCD4-F53F3881FC9D} = {1EED15FD-9252-4C94-AD6B-BFBA02F80AA2}
	EndGlobalSection
	GlobalSection(ExtensibilityGlobals) = postSolution
		SolutionGuid = {D48BD190-770D-4630-B6E6-86304B5EF597}
	EndGlobalSection
EndGlobal
